
Microsoft Visual Studio Solution File, Format Version 12.00
# Visual Studio Version 17
VisualStudioVersion = 17.5.002.0
MinimumVisualStudioVersion = 10.0.40219.1
Project("{9A19103F-16F7-4668-BE54-9A1E7A4F7556}") = "TheMealApp", "TheMealApp.csproj", "{C624EA0B-AF1D-4EC4-B5E3-564FA9BBEF5B}"
EndProject
Project("{2150E333-8FDC-42A3-9474-1A3956D46DE8}") = "Services", "Services", "{73DED4D9-E91E-4C14-B400-CA79ED55B6E5}"
EndProject
Project("{2150E333-8FDC-42A3-9474-1A3956D46DE8}") = "StatsService", "StatsService", "{9BE00E19-F97C-4C2E-B578-0E37CA40E9A0}"
EndProject
Project("{9A19103F-16F7-4668-BE54-9A1E7A4F7556}") = "Stats.Application", "Services\StatsService\Stats.Application\Stats.Application.csproj", "{D6A57E89-6B00-4E49-A3F6-61BBA835F3EA}"
EndProject
Project("{9A19103F-16F7-4668-BE54-9A1E7A4F7556}") = "StatsService.API", "Services\StatsService\StatsService.API\StatsService.API.csproj", "{1DDD494D-885A-4B06-AAB6-8369E6044C6F}"
EndProject
Project("{9A19103F-16F7-4668-BE54-9A1E7A4F7556}") = "Stats.Core", "Services\StatsService\Stats.Core\Stats.Core.csproj", "{F974719E-6D15-434D-B836-0230B2A980E4}"
EndProject
Project("{2150E333-8FDC-42A3-9474-1A3956D46DE8}") = "AuthService", "AuthService", "{163275CF-D4FA-47DF-9B51-E4D54B9D3B86}"
EndProject
Project("{9A19103F-16F7-4668-BE54-9A1E7A4F7556}") = "Auth.Infrastructure", "Services\AuthService\Auth.Infrastructure\Auth.Infrastructure.csproj", "{913A0BDD-A6CC-4440-8193-669AE652E987}"
EndProject
Project("{9A19103F-16F7-4668-BE54-9A1E7A4F7556}") = "Auth.Core", "Services\AuthService\Auth.Core\Auth.Core.csproj", "{294C35D6-3CBF-4F4E-B69D-5F63E0B3CEC1}"
EndProject
Project("{9A19103F-16F7-4668-BE54-9A1E7A4F7556}") = "Auth.Application", "Services\AuthService\Auth.Application\Auth.Application.csproj", "{814AA657-BDC3-4856-B933-2CF79DCF3F04}"
EndProject
Project("{9A19103F-16F7-4668-BE54-9A1E7A4F7556}") = "Auth.API", "Services\AuthService\Auth.API\Auth.API.csproj", "{91300190-7967-4D2D-8835-8B30A93C16BE}"
EndProject
Project("{2150E333-8FDC-42A3-9474-1A3956D46DE8}") = "EmailService", "EmailService", "{AE323F35-EB71-43B0-8E90-93FF180AE89D}"
EndProject
Project("{9A19103F-16F7-4668-BE54-9A1E7A4F7556}") = "Email.Infrastructure", "Services\EmailService\Email.Infrastructure\Email.Infrastructure.csproj", "{CBAFCE64-F203-49C8-837D-EED4709D74FE}"
EndProject
Project("{9A19103F-16F7-4668-BE54-9A1E7A4F7556}") = "Email.Core", "Services\EmailService\Email.Core\Email.Core.csproj", "{961B6375-6532-41EE-9044-AA42DC5F56A6}"
EndProject
Project("{9A19103F-16F7-4668-BE54-9A1E7A4F7556}") = "Email.Application", "Services\EmailService\Email.Application\Email.Application.csproj", "{981B0F5E-50DC-4A88-AF0A-B6470FA65A50}"
EndProject
Project("{9A19103F-16F7-4668-BE54-9A1E7A4F7556}") = "Email.API", "Services\EmailService\Email.API\Email.API.csproj", "{B92F8808-43FA-420D-A469-FB983EE78ABE}"
EndProject
Global
	GlobalSection(SolutionConfigurationPlatforms) = preSolution
		Debug|Any CPU = Debug|Any CPU
		Release|Any CPU = Release|Any CPU
	EndGlobalSection
	GlobalSection(ProjectConfigurationPlatforms) = postSolution
		{C624EA0B-AF1D-4EC4-B5E3-564FA9BBEF5B}.Debug|Any CPU.ActiveCfg = Debug|Any CPU
		{C624EA0B-AF1D-4EC4-B5E3-564FA9BBEF5B}.Debug|Any CPU.Build.0 = Debug|Any CPU
		{C624EA0B-AF1D-4EC4-B5E3-564FA9BBEF5B}.Release|Any CPU.ActiveCfg = Release|Any CPU
		{C624EA0B-AF1D-4EC4-B5E3-564FA9BBEF5B}.Release|Any CPU.Build.0 = Release|Any CPU
		{D6A57E89-6B00-4E49-A3F6-61BBA835F3EA}.Debug|Any CPU.ActiveCfg = Debug|Any CPU
		{D6A57E89-6B00-4E49-A3F6-61BBA835F3EA}.Debug|Any CPU.Build.0 = Debug|Any CPU
		{D6A57E89-6B00-4E49-A3F6-61BBA835F3EA}.Release|Any CPU.ActiveCfg = Release|Any CPU
		{D6A57E89-6B00-4E49-A3F6-61BBA835F3EA}.Release|Any CPU.Build.0 = Release|Any CPU
		{1DDD494D-885A-4B06-AAB6-8369E6044C6F}.Debug|Any CPU.ActiveCfg = Debug|Any CPU
		{1DDD494D-885A-4B06-AAB6-8369E6044C6F}.Debug|Any CPU.Build.0 = Debug|Any CPU
		{1DDD494D-885A-4B06-AAB6-8369E6044C6F}.Release|Any CPU.ActiveCfg = Release|Any CPU
		{1DDD494D-885A-4B06-AAB6-8369E6044C6F}.Release|Any CPU.Build.0 = Release|Any CPU
		{F974719E-6D15-434D-B836-0230B2A980E4}.Debug|Any CPU.ActiveCfg = Debug|Any CPU
		{F974719E-6D15-434D-B836-0230B2A980E4}.Debug|Any CPU.Build.0 = Debug|Any CPU
		{F974719E-6D15-434D-B836-0230B2A980E4}.Release|Any CPU.ActiveCfg = Release|Any CPU
		{F974719E-6D15-434D-B836-0230B2A980E4}.Release|Any CPU.Build.0 = Release|Any CPU
		{913A0BDD-A6CC-4440-8193-669AE652E987}.Debug|Any CPU.ActiveCfg = Debug|Any CPU
		{913A0BDD-A6CC-4440-8193-669AE652E987}.Debug|Any CPU.Build.0 = Debug|Any CPU
		{913A0BDD-A6CC-4440-8193-669AE652E987}.Release|Any CPU.ActiveCfg = Release|Any CPU
		{913A0BDD-A6CC-4440-8193-669AE652E987}.Release|Any CPU.Build.0 = Release|Any CPU
		{294C35D6-3CBF-4F4E-B69D-5F63E0B3CEC1}.Debug|Any CPU.ActiveCfg = Debug|Any CPU
		{294C35D6-3CBF-4F4E-B69D-5F63E0B3CEC1}.Debug|Any CPU.Build.0 = Debug|Any CPU
		{294C35D6-3CBF-4F4E-B69D-5F63E0B3CEC1}.Release|Any CPU.ActiveCfg = Release|Any CPU
		{294C35D6-3CBF-4F4E-B69D-5F63E0B3CEC1}.Release|Any CPU.Build.0 = Release|Any CPU
		{814AA657-BDC3-4856-B933-2CF79DCF3F04}.Debug|Any CPU.ActiveCfg = Debug|Any CPU
		{814AA657-BDC3-4856-B933-2CF79DCF3F04}.Debug|Any CPU.Build.0 = Debug|Any CPU
		{814AA657-BDC3-4856-B933-2CF79DCF3F04}.Release|Any CPU.ActiveCfg = Release|Any CPU
		{814AA657-BDC3-4856-B933-2CF79DCF3F04}.Release|Any CPU.Build.0 = Release|Any CPU
		{91300190-7967-4D2D-8835-8B30A93C16BE}.Debug|Any CPU.ActiveCfg = Debug|Any CPU
		{91300190-7967-4D2D-8835-8B30A93C16BE}.Debug|Any CPU.Build.0 = Debug|Any CPU
		{91300190-7967-4D2D-8835-8B30A93C16BE}.Release|Any CPU.ActiveCfg = Release|Any CPU
		{91300190-7967-4D2D-8835-8B30A93C16BE}.Release|Any CPU.Build.0 = Release|Any CPU
		{CBAFCE64-F203-49C8-837D-EED4709D74FE}.Debug|Any CPU.ActiveCfg = Debug|Any CPU
		{CBAFCE64-F203-49C8-837D-EED4709D74FE}.Debug|Any CPU.Build.0 = Debug|Any CPU
		{CBAFCE64-F203-49C8-837D-EED4709D74FE}.Release|Any CPU.ActiveCfg = Release|Any CPU
		{CBAFCE64-F203-49C8-837D-EED4709D74FE}.Release|Any CPU.Build.0 = Release|Any CPU
		{961B6375-6532-41EE-9044-AA42DC5F56A6}.Debug|Any CPU.ActiveCfg = Debug|Any CPU
		{961B6375-6532-41EE-9044-AA42DC5F56A6}.Debug|Any CPU.Build.0 = Debug|Any CPU
		{961B6375-6532-41EE-9044-AA42DC5F56A6}.Release|Any CPU.ActiveCfg = Release|Any CPU
		{961B6375-6532-41EE-9044-AA42DC5F56A6}.Release|Any CPU.Build.0 = Release|Any CPU
		{981B0F5E-50DC-4A88-AF0A-B6470FA65A50}.Debug|Any CPU.ActiveCfg = Debug|Any CPU
		{981B0F5E-50DC-4A88-AF0A-B6470FA65A50}.Debug|Any CPU.Build.0 = Debug|Any CPU
		{981B0F5E-50DC-4A88-AF0A-B6470FA65A50}.Release|Any CPU.ActiveCfg = Release|Any CPU
		{981B0F5E-50DC-4A88-AF0A-B6470FA65A50}.Release|Any CPU.Build.0 = Release|Any CPU
		{B92F8808-43FA-420D-A469-FB983EE78ABE}.Debug|Any CPU.ActiveCfg = Debug|Any CPU
		{B92F8808-43FA-420D-A469-FB983EE78ABE}.Debug|Any CPU.Build.0 = Debug|Any CPU
		{B92F8808-43FA-420D-A469-FB983EE78ABE}.Release|Any CPU.ActiveCfg = Release|Any CPU
		{B92F8808-43FA-420D-A469-FB983EE78ABE}.Release|Any CPU.Build.0 = Release|Any CPU
	EndGlobalSection
	GlobalSection(SolutionProperties) = preSolution
		HideSolutionNode = FALSE
	EndGlobalSection
	GlobalSection(NestedProjects) = preSolution
		{9BE00E19-F97C-4C2E-B578-0E37CA40E9A0} = {73DED4D9-E91E-4C14-B400-CA79ED55B6E5}
		{D6A57E89-6B00-4E49-A3F6-61BBA835F3EA} = {9BE00E19-F97C-4C2E-B578-0E37CA40E9A0}
		{1DDD494D-885A-4B06-AAB6-8369E6044C6F} = {9BE00E19-F97C-4C2E-B578-0E37CA40E9A0}
		{F974719E-6D15-434D-B836-0230B2A980E4} = {9BE00E19-F97C-4C2E-B578-0E37CA40E9A0}
		{163275CF-D4FA-47DF-9B51-E4D54B9D3B86} = {73DED4D9-E91E-4C14-B400-CA79ED55B6E5}
		{913A0BDD-A6CC-4440-8193-669AE652E987} = {163275CF-D4FA-47DF-9B51-E4D54B9D3B86}
		{294C35D6-3CBF-4F4E-B69D-5F63E0B3CEC1} = {163275CF-D4FA-47DF-9B51-E4D54B9D3B86}
		{814AA657-BDC3-4856-B933-2CF79DCF3F04} = {163275CF-D4FA-47DF-9B51-E4D54B9D3B86}
		{91300190-7967-4D2D-8835-8B30A93C16BE} = {163275CF-D4FA-47DF-9B51-E4D54B9D3B86}
		{AE323F35-EB71-43B0-8E90-93FF180AE89D} = {73DED4D9-E91E-4C14-B400-CA79ED55B6E5}
		{CBAFCE64-F203-49C8-837D-EED4709D74FE} = {AE323F35-EB71-43B0-8E90-93FF180AE89D}
		{961B6375-6532-41EE-9044-AA42DC5F56A6} = {AE323F35-EB71-43B0-8E90-93FF180AE89D}
		{981B0F5E-50DC-4A88-AF0A-B6470FA65A50} = {AE323F35-EB71-43B0-8E90-93FF180AE89D}
		{B92F8808-43FA-420D-A469-FB983EE78ABE} = {AE323F35-EB71-43B0-8E90-93FF180AE89D}
	EndGlobalSection
	GlobalSection(ExtensibilityGlobals) = postSolution
		SolutionGuid = {CC0996FF-669C-4288-9ABF-6B3DDF27284A}
	EndGlobalSection
EndGlobal
