
Microsoft Visual Studio Solution File, Format Version 12.00
# Visual Studio Version 17
VisualStudioVersion = 17.7.34202.233
MinimumVisualStudioVersion = 10.0.40219.1
Project("{9A19103F-16F7-4668-BE54-9A1E7A4F7556}") = "Catalog.API", "Catalog.API\Catalog.API.csproj", "{FAA1198A-89E1-4588-89C9-132635DBDCD0}"
EndProject
Project("{2150E333-8FDC-42A3-9474-1A3956D46DE8}") = "Services", "Services", "{3A6C5C9B-D0F4-4EF8-85DE-C99CD98F1898}"
EndProject
Project("{2150E333-8FDC-42A3-9474-1A3956D46DE8}") = "ApiGateways", "ApiGateways", "{57E5F4B6-EF41-4BB0-BA91-B19D96841AD1}"
EndProject
Project("{2150E333-8FDC-42A3-9474-1A3956D46DE8}") = "Infrastructure", "Infrastructure", "{DA615BD5-3994-49BE-907B-F15CC7D95426}"
EndProject
Project("{2150E333-8FDC-42A3-9474-1A3956D46DE8}") = "Catalog", "Catalog", "{94CDF0DB-9294-48DB-9D3F-9E15BFD8BBB9}"
EndProject
Project("{9A19103F-16F7-4668-BE54-9A1E7A4F7556}") = "Catalog.Application", "Catalog.Application\Catalog.Application.csproj", "{2DF0DDA3-7622-48DB-992F-741F37106337}"
EndProject
Project("{9A19103F-16F7-4668-BE54-9A1E7A4F7556}") = "Catalog.Core", "Catalog.Core\Catalog.Core.csproj", "{D4D31330-CC86-4A63-A923-D525C5625BD0}"
EndProject
Project("{9A19103F-16F7-4668-BE54-9A1E7A4F7556}") = "Catalog.Infrastructure", "Catalog.Infrastructure\Catalog.Infrastructure.csproj", "{1C7EEDC2-89DA-48B7-8E6F-5910AB31DA60}"
EndProject
Project("{2150E333-8FDC-42A3-9474-1A3956D46DE8}") = "Auth", "Auth", "{9D1C2FFB-36CD-40A7-B308-D5EDD0907E34}"
EndProject
Project("{9A19103F-16F7-4668-BE54-9A1E7A4F7556}") = "Auth.API", "Auth.API\Auth.API.csproj", "{EF7300F9-2A0F-4E74-B2FD-38217FE5E6B8}"
EndProject
Project("{9A19103F-16F7-4668-BE54-9A1E7A4F7556}") = "Auth.Core", "Auth.Core\Auth.Core.csproj", "{1EBE05C8-3FD3-4431-A834-B35D7178822B}"
EndProject
Project("{9A19103F-16F7-4668-BE54-9A1E7A4F7556}") = "Auth.Infrastructure", "Auth.Infrastructure\Auth.Infrastructure.csproj", "{EB07E89D-5156-4A58-AD5A-AE727C83AB98}"
EndProject
Project("{9A19103F-16F7-4668-BE54-9A1E7A4F7556}") = "Auth.Application", "Auth.Application\Auth.Application.csproj", "{4F3669B4-8687-40A1-A48D-3EA3D67ED89A}"
EndProject
Project("{2150E333-8FDC-42A3-9474-1A3956D46DE8}") = "Email", "Email", "{E6643AF7-3D54-408E-A9A4-576DA3338ED6}"
EndProject
Project("{9A19103F-16F7-4668-BE54-9A1E7A4F7556}") = "Email.API", "Email.API\Email.API.csproj", "{9946FC05-9FB2-4DFD-9880-D908587BB55E}"
EndProject
Project("{9A19103F-16F7-4668-BE54-9A1E7A4F7556}") = "Email.Core", "Email.Core\Email.Core.csproj", "{6ED6F768-1354-41F2-AA41-F42C5B565F23}"
EndProject
Project("{9A19103F-16F7-4668-BE54-9A1E7A4F7556}") = "Email.Infrastructure", "Email.Infrastructure\Email.Infrastructure.csproj", "{8E3CAF5B-DC4D-487D-B195-3FBA7A999E98}"
EndProject
Project("{2150E333-8FDC-42A3-9474-1A3956D46DE8}") = "Notifications", "Notifications", "{77E9468D-31EF-4F04-90FE-B0EC01B6966C}"
EndProject
Project("{9A19103F-16F7-4668-BE54-9A1E7A4F7556}") = "Notifications.API", "Notifications.API\Notifications.API.csproj", "{8710A192-E9A6-4220-89DF-BC60CBDED8D0}"
EndProject
Project("{9A19103F-16F7-4668-BE54-9A1E7A4F7556}") = "Notifications.Application", "Notifications.Application\Notifications.Application.csproj", "{8D2FD887-0895-48AD-8208-7D245A16AAAC}"
EndProject
Project("{9A19103F-16F7-4668-BE54-9A1E7A4F7556}") = "Notifications.Core", "Notifications.Core\Notifications.Core.csproj", "{462BB9BB-8DBE-42F8-894F-4FEE65284AF6}"
EndProject
Project("{9A19103F-16F7-4668-BE54-9A1E7A4F7556}") = "Notifications.Infrastructure", "Notifications.Infrastructure\Notifications.Infrastructure.csproj", "{43979FD9-AD3D-4CB0-A90C-2B1C441E431C}"
EndProject
Project("{9A19103F-16F7-4668-BE54-9A1E7A4F7556}") = "Ocelot.ApiGateway", "Ocelot.ApiGateway\Ocelot.ApiGateway.csproj", "{48F740A4-40C4-44AC-B3B8-3C902B6CFFB8}"
EndProject
Project("{9A19103F-16F7-4668-BE54-9A1E7A4F7556}") = "Auth.Shared", "Auth.Shared\Auth.Shared.csproj", "{91496992-9574-4519-9A5F-38B3160B3065}"
EndProject
Project("{9A19103F-16F7-4668-BE54-9A1E7A4F7556}") = "Catalog.Shared", "Catalog.Shared\Catalog.Shared.csproj", "{86ED069F-E09F-4C84-B3A2-0A3AAFF2A27A}"
EndProject
Project("{9A19103F-16F7-4668-BE54-9A1E7A4F7556}") = "Email.Shared", "Email.Shared\Email.Shared.csproj", "{818B6D1D-227C-4A9E-9B9A-9DD6721BB654}"
EndProject
Project("{9A19103F-16F7-4668-BE54-9A1E7A4F7556}") = "Email.Application", "Email.Application\Email.Application.csproj", "{16A454A2-11F3-4D7A-B7C6-F6FF17E2A50A}"
EndProject
Global
	GlobalSection(SolutionConfigurationPlatforms) = preSolution
		Debug|Any CPU = Debug|Any CPU
		Release|Any CPU = Release|Any CPU
	EndGlobalSection
	GlobalSection(ProjectConfigurationPlatforms) = postSolution
		{FAA1198A-89E1-4588-89C9-132635DBDCD0}.Debug|Any CPU.ActiveCfg = Debug|Any CPU
		{FAA1198A-89E1-4588-89C9-132635DBDCD0}.Debug|Any CPU.Build.0 = Debug|Any CPU
		{FAA1198A-89E1-4588-89C9-132635DBDCD0}.Release|Any CPU.ActiveCfg = Release|Any CPU
		{FAA1198A-89E1-4588-89C9-132635DBDCD0}.Release|Any CPU.Build.0 = Release|Any CPU
		{2DF0DDA3-7622-48DB-992F-741F37106337}.Debug|Any CPU.ActiveCfg = Debug|Any CPU
		{2DF0DDA3-7622-48DB-992F-741F37106337}.Debug|Any CPU.Build.0 = Debug|Any CPU
		{2DF0DDA3-7622-48DB-992F-741F37106337}.Release|Any CPU.ActiveCfg = Release|Any CPU
		{2DF0DDA3-7622-48DB-992F-741F37106337}.Release|Any CPU.Build.0 = Release|Any CPU
		{D4D31330-CC86-4A63-A923-D525C5625BD0}.Debug|Any CPU.ActiveCfg = Debug|Any CPU
		{D4D31330-CC86-4A63-A923-D525C5625BD0}.Debug|Any CPU.Build.0 = Debug|Any CPU
		{D4D31330-CC86-4A63-A923-D525C5625BD0}.Release|Any CPU.ActiveCfg = Release|Any CPU
		{D4D31330-CC86-4A63-A923-D525C5625BD0}.Release|Any CPU.Build.0 = Release|Any CPU
		{1C7EEDC2-89DA-48B7-8E6F-5910AB31DA60}.Debug|Any CPU.ActiveCfg = Debug|Any CPU
		{1C7EEDC2-89DA-48B7-8E6F-5910AB31DA60}.Debug|Any CPU.Build.0 = Debug|Any CPU
		{1C7EEDC2-89DA-48B7-8E6F-5910AB31DA60}.Release|Any CPU.ActiveCfg = Release|Any CPU
		{1C7EEDC2-89DA-48B7-8E6F-5910AB31DA60}.Release|Any CPU.Build.0 = Release|Any CPU
		{EF7300F9-2A0F-4E74-B2FD-38217FE5E6B8}.Debug|Any CPU.ActiveCfg = Debug|Any CPU
		{EF7300F9-2A0F-4E74-B2FD-38217FE5E6B8}.Debug|Any CPU.Build.0 = Debug|Any CPU
		{EF7300F9-2A0F-4E74-B2FD-38217FE5E6B8}.Release|Any CPU.ActiveCfg = Release|Any CPU
		{EF7300F9-2A0F-4E74-B2FD-38217FE5E6B8}.Release|Any CPU.Build.0 = Release|Any CPU
		{1EBE05C8-3FD3-4431-A834-B35D7178822B}.Debug|Any CPU.ActiveCfg = Debug|Any CPU
		{1EBE05C8-3FD3-4431-A834-B35D7178822B}.Debug|Any CPU.Build.0 = Debug|Any CPU
		{1EBE05C8-3FD3-4431-A834-B35D7178822B}.Release|Any CPU.ActiveCfg = Release|Any CPU
		{1EBE05C8-3FD3-4431-A834-B35D7178822B}.Release|Any CPU.Build.0 = Release|Any CPU
		{EB07E89D-5156-4A58-AD5A-AE727C83AB98}.Debug|Any CPU.ActiveCfg = Debug|Any CPU
		{EB07E89D-5156-4A58-AD5A-AE727C83AB98}.Debug|Any CPU.Build.0 = Debug|Any CPU
		{EB07E89D-5156-4A58-AD5A-AE727C83AB98}.Release|Any CPU.ActiveCfg = Release|Any CPU
		{EB07E89D-5156-4A58-AD5A-AE727C83AB98}.Release|Any CPU.Build.0 = Release|Any CPU
		{4F3669B4-8687-40A1-A48D-3EA3D67ED89A}.Debug|Any CPU.ActiveCfg = Debug|Any CPU
		{4F3669B4-8687-40A1-A48D-3EA3D67ED89A}.Debug|Any CPU.Build.0 = Debug|Any CPU
		{4F3669B4-8687-40A1-A48D-3EA3D67ED89A}.Release|Any CPU.ActiveCfg = Release|Any CPU
		{4F3669B4-8687-40A1-A48D-3EA3D67ED89A}.Release|Any CPU.Build.0 = Release|Any CPU
		{9946FC05-9FB2-4DFD-9880-D908587BB55E}.Debug|Any CPU.ActiveCfg = Debug|Any CPU
		{9946FC05-9FB2-4DFD-9880-D908587BB55E}.Debug|Any CPU.Build.0 = Debug|Any CPU
		{9946FC05-9FB2-4DFD-9880-D908587BB55E}.Release|Any CPU.ActiveCfg = Release|Any CPU
		{9946FC05-9FB2-4DFD-9880-D908587BB55E}.Release|Any CPU.Build.0 = Release|Any CPU
		{6ED6F768-1354-41F2-AA41-F42C5B565F23}.Debug|Any CPU.ActiveCfg = Debug|Any CPU
		{6ED6F768-1354-41F2-AA41-F42C5B565F23}.Debug|Any CPU.Build.0 = Debug|Any CPU
		{6ED6F768-1354-41F2-AA41-F42C5B565F23}.Release|Any CPU.ActiveCfg = Release|Any CPU
		{6ED6F768-1354-41F2-AA41-F42C5B565F23}.Release|Any CPU.Build.0 = Release|Any CPU
		{8E3CAF5B-DC4D-487D-B195-3FBA7A999E98}.Debug|Any CPU.ActiveCfg = Debug|Any CPU
		{8E3CAF5B-DC4D-487D-B195-3FBA7A999E98}.Debug|Any CPU.Build.0 = Debug|Any CPU
		{8E3CAF5B-DC4D-487D-B195-3FBA7A999E98}.Release|Any CPU.ActiveCfg = Release|Any CPU
		{8E3CAF5B-DC4D-487D-B195-3FBA7A999E98}.Release|Any CPU.Build.0 = Release|Any CPU
		{8710A192-E9A6-4220-89DF-BC60CBDED8D0}.Debug|Any CPU.ActiveCfg = Debug|Any CPU
		{8710A192-E9A6-4220-89DF-BC60CBDED8D0}.Debug|Any CPU.Build.0 = Debug|Any CPU
		{8710A192-E9A6-4220-89DF-BC60CBDED8D0}.Release|Any CPU.ActiveCfg = Release|Any CPU
		{8710A192-E9A6-4220-89DF-BC60CBDED8D0}.Release|Any CPU.Build.0 = Release|Any CPU
		{8D2FD887-0895-48AD-8208-7D245A16AAAC}.Debug|Any CPU.ActiveCfg = Debug|Any CPU
		{8D2FD887-0895-48AD-8208-7D245A16AAAC}.Debug|Any CPU.Build.0 = Debug|Any CPU
		{8D2FD887-0895-48AD-8208-7D245A16AAAC}.Release|Any CPU.ActiveCfg = Release|Any CPU
		{8D2FD887-0895-48AD-8208-7D245A16AAAC}.Release|Any CPU.Build.0 = Release|Any CPU
		{462BB9BB-8DBE-42F8-894F-4FEE65284AF6}.Debug|Any CPU.ActiveCfg = Debug|Any CPU
		{462BB9BB-8DBE-42F8-894F-4FEE65284AF6}.Debug|Any CPU.Build.0 = Debug|Any CPU
		{462BB9BB-8DBE-42F8-894F-4FEE65284AF6}.Release|Any CPU.ActiveCfg = Release|Any CPU
		{462BB9BB-8DBE-42F8-894F-4FEE65284AF6}.Release|Any CPU.Build.0 = Release|Any CPU
		{43979FD9-AD3D-4CB0-A90C-2B1C441E431C}.Debug|Any CPU.ActiveCfg = Debug|Any CPU
		{43979FD9-AD3D-4CB0-A90C-2B1C441E431C}.Debug|Any CPU.Build.0 = Debug|Any CPU
		{43979FD9-AD3D-4CB0-A90C-2B1C441E431C}.Release|Any CPU.ActiveCfg = Release|Any CPU
		{43979FD9-AD3D-4CB0-A90C-2B1C441E431C}.Release|Any CPU.Build.0 = Release|Any CPU
		{48F740A4-40C4-44AC-B3B8-3C902B6CFFB8}.Debug|Any CPU.ActiveCfg = Debug|Any CPU
		{48F740A4-40C4-44AC-B3B8-3C902B6CFFB8}.Debug|Any CPU.Build.0 = Debug|Any CPU
		{48F740A4-40C4-44AC-B3B8-3C902B6CFFB8}.Release|Any CPU.ActiveCfg = Release|Any CPU
		{48F740A4-40C4-44AC-B3B8-3C902B6CFFB8}.Release|Any CPU.Build.0 = Release|Any CPU
		{91496992-9574-4519-9A5F-38B3160B3065}.Debug|Any CPU.ActiveCfg = Debug|Any CPU
		{91496992-9574-4519-9A5F-38B3160B3065}.Debug|Any CPU.Build.0 = Debug|Any CPU
		{91496992-9574-4519-9A5F-38B3160B3065}.Release|Any CPU.ActiveCfg = Release|Any CPU
		{91496992-9574-4519-9A5F-38B3160B3065}.Release|Any CPU.Build.0 = Release|Any CPU
		{86ED069F-E09F-4C84-B3A2-0A3AAFF2A27A}.Debug|Any CPU.ActiveCfg = Debug|Any CPU
		{86ED069F-E09F-4C84-B3A2-0A3AAFF2A27A}.Debug|Any CPU.Build.0 = Debug|Any CPU
		{86ED069F-E09F-4C84-B3A2-0A3AAFF2A27A}.Release|Any CPU.ActiveCfg = Release|Any CPU
		{86ED069F-E09F-4C84-B3A2-0A3AAFF2A27A}.Release|Any CPU.Build.0 = Release|Any CPU
		{818B6D1D-227C-4A9E-9B9A-9DD6721BB654}.Debug|Any CPU.ActiveCfg = Debug|Any CPU
		{818B6D1D-227C-4A9E-9B9A-9DD6721BB654}.Debug|Any CPU.Build.0 = Debug|Any CPU
		{818B6D1D-227C-4A9E-9B9A-9DD6721BB654}.Release|Any CPU.ActiveCfg = Release|Any CPU
		{818B6D1D-227C-4A9E-9B9A-9DD6721BB654}.Release|Any CPU.Build.0 = Release|Any CPU
		{16A454A2-11F3-4D7A-B7C6-F6FF17E2A50A}.Debug|Any CPU.ActiveCfg = Debug|Any CPU
		{16A454A2-11F3-4D7A-B7C6-F6FF17E2A50A}.Debug|Any CPU.Build.0 = Debug|Any CPU
		{16A454A2-11F3-4D7A-B7C6-F6FF17E2A50A}.Release|Any CPU.ActiveCfg = Release|Any CPU
		{16A454A2-11F3-4D7A-B7C6-F6FF17E2A50A}.Release|Any CPU.Build.0 = Release|Any CPU
	EndGlobalSection
	GlobalSection(SolutionProperties) = preSolution
		HideSolutionNode = FALSE
	EndGlobalSection
	GlobalSection(NestedProjects) = preSolution
		{FAA1198A-89E1-4588-89C9-132635DBDCD0} = {94CDF0DB-9294-48DB-9D3F-9E15BFD8BBB9}
		{94CDF0DB-9294-48DB-9D3F-9E15BFD8BBB9} = {3A6C5C9B-D0F4-4EF8-85DE-C99CD98F1898}
		{2DF0DDA3-7622-48DB-992F-741F37106337} = {94CDF0DB-9294-48DB-9D3F-9E15BFD8BBB9}
		{D4D31330-CC86-4A63-A923-D525C5625BD0} = {94CDF0DB-9294-48DB-9D3F-9E15BFD8BBB9}
		{1C7EEDC2-89DA-48B7-8E6F-5910AB31DA60} = {94CDF0DB-9294-48DB-9D3F-9E15BFD8BBB9}
		{9D1C2FFB-36CD-40A7-B308-D5EDD0907E34} = {3A6C5C9B-D0F4-4EF8-85DE-C99CD98F1898}
		{EF7300F9-2A0F-4E74-B2FD-38217FE5E6B8} = {9D1C2FFB-36CD-40A7-B308-D5EDD0907E34}
		{1EBE05C8-3FD3-4431-A834-B35D7178822B} = {9D1C2FFB-36CD-40A7-B308-D5EDD0907E34}
		{EB07E89D-5156-4A58-AD5A-AE727C83AB98} = {9D1C2FFB-36CD-40A7-B308-D5EDD0907E34}
		{4F3669B4-8687-40A1-A48D-3EA3D67ED89A} = {9D1C2FFB-36CD-40A7-B308-D5EDD0907E34}
		{E6643AF7-3D54-408E-A9A4-576DA3338ED6} = {3A6C5C9B-D0F4-4EF8-85DE-C99CD98F1898}
		{9946FC05-9FB2-4DFD-9880-D908587BB55E} = {E6643AF7-3D54-408E-A9A4-576DA3338ED6}
		{6ED6F768-1354-41F2-AA41-F42C5B565F23} = {E6643AF7-3D54-408E-A9A4-576DA3338ED6}
		{8E3CAF5B-DC4D-487D-B195-3FBA7A999E98} = {E6643AF7-3D54-408E-A9A4-576DA3338ED6}
		{77E9468D-31EF-4F04-90FE-B0EC01B6966C} = {3A6C5C9B-D0F4-4EF8-85DE-C99CD98F1898}
		{8710A192-E9A6-4220-89DF-BC60CBDED8D0} = {77E9468D-31EF-4F04-90FE-B0EC01B6966C}
		{8D2FD887-0895-48AD-8208-7D245A16AAAC} = {77E9468D-31EF-4F04-90FE-B0EC01B6966C}
		{462BB9BB-8DBE-42F8-894F-4FEE65284AF6} = {77E9468D-31EF-4F04-90FE-B0EC01B6966C}
		{43979FD9-AD3D-4CB0-A90C-2B1C441E431C} = {77E9468D-31EF-4F04-90FE-B0EC01B6966C}
		{48F740A4-40C4-44AC-B3B8-3C902B6CFFB8} = {57E5F4B6-EF41-4BB0-BA91-B19D96841AD1}
		{91496992-9574-4519-9A5F-38B3160B3065} = {9D1C2FFB-36CD-40A7-B308-D5EDD0907E34}
		{86ED069F-E09F-4C84-B3A2-0A3AAFF2A27A} = {94CDF0DB-9294-48DB-9D3F-9E15BFD8BBB9}
		{818B6D1D-227C-4A9E-9B9A-9DD6721BB654} = {E6643AF7-3D54-408E-A9A4-576DA3338ED6}
		{16A454A2-11F3-4D7A-B7C6-F6FF17E2A50A} = {E6643AF7-3D54-408E-A9A4-576DA3338ED6}
	EndGlobalSection
	GlobalSection(ExtensibilityGlobals) = postSolution
		SolutionGuid = {636DD75B-CCA5-48FC-BC1C-7B0D4FD26CB0}
	EndGlobalSection
EndGlobal
